
Microsoft Visual Studio Solution File, Format Version 12.00
# Visual Studio Version 17
VisualStudioVersion = 17.4.33213.308
MinimumVisualStudioVersion = 10.0.40219.1
Project("{FAE04EC0-301F-11D3-BF4B-00C04F79EFBC}") = "EightQueen", "EightQueen\EightQueen.csproj", "{6B0D58A5-31C5-4986-B23D-5B6DB15B7DAB}"
EndProject
Global
	GlobalSection(SolutionConfigurationPlatforms) = preSolution
		Debug|Any CPU = Debug|Any CPU
		Release|Any CPU = Release|Any CPU
	EndGlobalSection
	GlobalSection(ProjectConfigurationPlatforms) = postSolution
		{6B0D58A5-31C5-4986-B23D-5B6DB15B7DAB}.Debug|Any CPU.ActiveCfg = Debug|Any CPU
		{6B0D58A5-31C5-4986-B23D-5B6DB15B7DAB}.Debug|Any CPU.Build.0 = Debug|Any CPU
		{6B0D58A5-31C5-4986-B23D-5B6DB15B7DAB}.Release|Any CPU.ActiveCfg = Release|Any CPU
		{6B0D58A5-31C5-4986-B23D-5B6DB15B7DAB}.Release|Any CPU.Build.0 = Release|Any CPU
	EndGlobalSection
	GlobalSection(SolutionProperties) = preSolution
		HideSolutionNode = FALSE
	EndGlobalSection
	GlobalSection(ExtensibilityGlobals) = postSolution
		SolutionGuid = {0844CD0A-D38A-4BA9-95CE-CF73FE6DA14D}
	EndGlobalSection
EndGlobal
